
Microsoft Visual Studio Solution File, Format Version 12.00
# Visual Studio Version 16
VisualStudioVersion = 16.0.32126.315
MinimumVisualStudioVersion = 10.0.40219.1
Project("{FAE04EC0-301F-11D3-BF4B-00C04F79EFBC}") = "Project", "Project\Project.csproj", "{81C64431-662B-451C-BB4A-300CFEA1B24B}"
EndProject
Global
	GlobalSection(SolutionConfigurationPlatforms) = preSolution
		Debug|Any CPU = Debug|Any CPU
		Release|Any CPU = Release|Any CPU
	EndGlobalSection
	GlobalSection(ProjectConfigurationPlatforms) = postSolution
		{81C64431-662B-451C-BB4A-300CFEA1B24B}.Debug|Any CPU.ActiveCfg = Debug|Any CPU
		{81C64431-662B-451C-BB4A-300CFEA1B24B}.Debug|Any CPU.Build.0 = Debug|Any CPU
		{81C64431-662B-451C-BB4A-300CFEA1B24B}.Release|Any CPU.ActiveCfg = Release|Any CPU
		{81C64431-662B-451C-BB4A-300CFEA1B24B}.Release|Any CPU.Build.0 = Release|Any CPU
	EndGlobalSection
	GlobalSection(SolutionProperties) = preSolution
		HideSolutionNode = FALSE
	EndGlobalSection
	GlobalSection(ExtensibilityGlobals) = postSolution
		SolutionGuid = {D8FDC179-E14E-48AC-88B9-AE361582552E}
	EndGlobalSection
EndGlobal
